
Microsoft Visual Studio Solution File, Format Version 12.00
# Visual Studio Version 16
VisualStudioVersion = 16.0.29721.120
MinimumVisualStudioVersion = 10.0.40219.1
Project("{FAE04EC0-301F-11D3-BF4B-00C04F79EFBC}") = "TicTacToeGameConsole", "TicTacToeGameConsole.csproj", "{138757D8-AB7B-476A-AF0D-301023DF1445}"
EndProject
Global
	GlobalSection(SolutionConfigurationPlatforms) = preSolution
		Debug|Any CPU = Debug|Any CPU
		Release|Any CPU = Release|Any CPU
	EndGlobalSection
	GlobalSection(ProjectConfigurationPlatforms) = postSolution
		{138757D8-AB7B-476A-AF0D-301023DF1445}.Debug|Any CPU.ActiveCfg = Debug|Any CPU
		{138757D8-AB7B-476A-AF0D-301023DF1445}.Debug|Any CPU.Build.0 = Debug|Any CPU
		{138757D8-AB7B-476A-AF0D-301023DF1445}.Release|Any CPU.ActiveCfg = Release|Any CPU
		{138757D8-AB7B-476A-AF0D-301023DF1445}.Release|Any CPU.Build.0 = Release|Any CPU
	EndGlobalSection
	GlobalSection(SolutionProperties) = preSolution
		HideSolutionNode = FALSE
	EndGlobalSection
	GlobalSection(ExtensibilityGlobals) = postSolution
		SolutionGuid = {77415FCA-2154-4AC7-B224-FDC3657A448A}
	EndGlobalSection
EndGlobal
